# This file is automatically @generated by Cargo.
# It is not intended for manual editing.
version = 4

[[package]]
name = "vane"
version = "0.10.0"
dependencies = [
 "vane-core",
 "vane-mgmt",
]

[[package]]
name = "vane-core"
version = "0.10.0"

[[package]]
name = "vane-engine"
version = "0.10.0"
dependencies = [
 "vane-core",
]

[[package]]
name = "vane-mgmt"
version = "0.10.0"
dependencies = [
 "vane-core",
]

[[package]]
name = "vane-tests"
version = "0.10.0"
dependencies = [
 "vane-core",
 "vane-testutil",
]

[[package]]
name = "vane-testutil"
version = "0.10.0"
dependencies = [
 "vane-core",
]

[[package]]
name = "vane-wasm"
version = "0.10.0"
dependencies = [
 "vane-core",
]

[[package]]
name = "vaned"
version = "0.10.0"
dependencies = [
 "vane-core",
 "vane-engine",
 "vane-mgmt",
 "vane-wasm",
]
