{
  "version": "v1",
  "packages": {
    "@canmi/seam-cli": {
      "signature": "813ba4b7bcb71c21792644ffc3523886",
      "file": true
    },
    "@canmi/seam-client": {
      "signature": "9dd559b22bda1a416b3199db9fb8c8b1",
      "file": true
    },
    "@canmi/seam-react": {
      "signature": "ebbcbe46aa9028b2d191d7371ecc491b",
      "file": true
    },
    "@canmi/seam-vite": {
      "signature": "03e94220fc947790c018cf7172f0b7fc",
      "file": true
    },
    "@canmi/seam-cli-darwin-arm64": {
      "signature": "2788cacf30bf80b651233bde95c7d95c",
      "file": true
    },
    "@canmi/seam-router": {
      "signature": "60f83bce29a417c74b417e481647438a",
      "file": true
    },
    "@canmi/seam-tanstack-router": {
      "signature": "a8bdf504103df02ff208491cba5bc298",
      "file": true
    },
    "@canmi/seam": {
      "signature": "0e823138760bb9694bb0a6903821957e",
      "pure": true
    }
  }
}